<?xml version="1.0" encoding="utf-8"?>
<Project ToolsVersion="4.0" xmlns="http://schemas.microsoft.com/developer/msbuild/2003">
  <ItemGroup>
    <Filter Include="Source Files">
      <UniqueIdentifier>{4FC737F1-C7A5-4376-A066-2A32D752A2FF}</UniqueIdentifier>
      <Extensions>cpp;c;cc;cxx;c++;def;odl;idl;hpj;bat;asm;asmx</Extensions>
    </Filter>
    <Filter Include="Header Files">
      <UniqueIdentifier>{93995380-89BD-4b04-88EB-625FBE52EBFB}</UniqueIdentifier>
      <Extensions>h;hh;hpp;hxx;h++;hm;inl;inc;ipp;xsd</Extensions>
    </Filter>
    <Filter Include="Resource Files">
      <UniqueIdentifier>{67DA6AB6-F800-4c08-8B7A-83BB121AAD01}</UniqueIdentifier>
      <Extensions>rc;ico;cur;bmp;dlg;rc2;rct;bin;rgs;gif;jpg;jpeg;jpe;resx;tiff;tif;png;wav;mfcribbon-ms</Extensions>
    </Filter>
    <Filter Include="Source Files\Mario">
      <UniqueIdentifier>{d54e0c4e-1caa-4967-b316-51ae3efa5bd3}</UniqueIdentifier>
    </Filter>
    <Filter Include="Header Files\Mario">
      <UniqueIdentifier>{68cadb09-35ed-410d-b174-ebb85a9adeb4}</UniqueIdentifier>
    </Filter>
    <Filter Include="Header Files\MapManager">
      <UniqueIdentifier>{b46c73d0-d9a8-4eb4-868e-8e0bd99f6b3c}</UniqueIdentifier>
    </Filter>
    <Filter Include="Source Files\MapManager">
      <UniqueIdentifier>{2fb472e3-38d8-4b87-833d-27ec9c9f7ebf}</UniqueIdentifier>
    </Filter>
    <Filter Include="Header Files\Objects">
      <UniqueIdentifier>{3be0e8e4-7a33-4394-b8da-282984014d23}</UniqueIdentifier>
    </Filter>
    <Filter Include="Source Files\Objects">
      <UniqueIdentifier>{75272ed2-bc7a-4d7e-a8bd-d72781eda082}</UniqueIdentifier>
    </Filter>
    <Filter Include="Header Files\Objects\Camera">
      <UniqueIdentifier>{1804e33f-872b-4156-90cf-0ebd243e68f6}</UniqueIdentifier>
    </Filter>
    <Filter Include="Source Files\Objects\Camera">
      <UniqueIdentifier>{53dcab57-105c-4135-9462-ecb1a285cb89}</UniqueIdentifier>
    </Filter>
    <Filter Include="Source Files\Mario\OnGroundStates">
      <UniqueIdentifier>{4bbbb3e6-1376-4006-a76a-9157f809ae81}</UniqueIdentifier>
    </Filter>
    <Filter Include="Source Files\Mario\HoldingShellStates">
      <UniqueIdentifier>{f7e59ef4-ae4d-4eb3-90e3-d8cfcf83d293}</UniqueIdentifier>
    </Filter>
    <Filter Include="Source Files\Mario\OnAirStates">
      <UniqueIdentifier>{f5bb3dfc-5e6e-4851-9120-96c3d4d00ab3}</UniqueIdentifier>
    </Filter>
    <Filter Include="Header Files\Mario\OnGroundStates">
      <UniqueIdentifier>{3e6039eb-119e-4172-b659-132f572afd2b}</UniqueIdentifier>
    </Filter>
    <Filter Include="Header Files\Mario\OnAirStates">
      <UniqueIdentifier>{20ecb6c7-c586-4299-bd73-fabc4a83a9fd}</UniqueIdentifier>
    </Filter>
    <Filter Include="Header Files\Mario\HoldingShellStates">
      <UniqueIdentifier>{4e61e90a-b9bf-49a2-877c-d197962e328b}</UniqueIdentifier>
    </Filter>
    <Filter Include="Header Files\Objects\Platform">
      <UniqueIdentifier>{39831396-fae0-4f4a-b85c-a1b2b0b48580}</UniqueIdentifier>
    </Filter>
    <Filter Include="Source Files\Objects\Platform">
      <UniqueIdentifier>{1ba75fb3-4f61-4ad0-939d-543c02928eb8}</UniqueIdentifier>
    </Filter>
    <Filter Include="Header Files\Objects\Misc">
      <UniqueIdentifier>{0d3a782a-2382-4558-a835-87a3b00edcff}</UniqueIdentifier>
    </Filter>
    <Filter Include="Source Files\Objects\Misc">
      <UniqueIdentifier>{5be7df63-e186-484b-aee8-6155af885fbc}</UniqueIdentifier>
    </Filter>
    <Filter Include="Header Files\Objects\Enemies">
      <UniqueIdentifier>{ff7444a7-f3ca-4955-9972-6ad2fcc159e9}</UniqueIdentifier>
    </Filter>
    <Filter Include="Source Files\Objects\Enemies">
      <UniqueIdentifier>{7f1700bc-3c16-4e31-b5de-d5c6202463db}</UniqueIdentifier>
    </Filter>
    <Filter Include="Header Files\HUD">
      <UniqueIdentifier>{940f1bce-263b-4716-b67f-9419fd64913f}</UniqueIdentifier>
    </Filter>
    <Filter Include="Source Files\HUD">
      <UniqueIdentifier>{6a8af6ef-5bd1-46c1-93c9-0a52e63014b0}</UniqueIdentifier>
    </Filter>
    <Filter Include="Source Files\Objects\Misc\Decoration">
      <UniqueIdentifier>{a5d56f9d-2829-4fa3-9650-86ec454de5ec}</UniqueIdentifier>
    </Filter>
    <Filter Include="Header Files\Objects\Misc\Decoration">
      <UniqueIdentifier>{db3157c6-ae35-48c0-8c35-d4cd9f2925d4}</UniqueIdentifier>
    </Filter>
    <Filter Include="Source Files\Objects\Misc\Portal">
      <UniqueIdentifier>{54355a6b-a070-4642-bbab-fe5e85b5288c}</UniqueIdentifier>
    </Filter>
    <Filter Include="Header Files\Objects\Misc\Portal">
      <UniqueIdentifier>{75410bb8-428a-4fd3-8d51-5daa0dd88a36}</UniqueIdentifier>
    </Filter>
    <Filter Include="Header Files\Objects\ObjectPool">
      <UniqueIdentifier>{ad68f86a-fff4-42da-8dae-8435a3c16cd7}</UniqueIdentifier>
    </Filter>
    <Filter Include="Header Files\Objects\ObjectPool\Effect">
      <UniqueIdentifier>{7eb5c094-c5b6-4d9d-871d-25d8e494cf81}</UniqueIdentifier>
    </Filter>
    <Filter Include="Header Files\Objects\ObjectPool\Fireball">
      <UniqueIdentifier>{2afd3014-226d-4c5c-816b-e62b69a248ad}</UniqueIdentifier>
    </Filter>
    <Filter Include="Source Files\Objects\ObjectPool">
      <UniqueIdentifier>{a0600ea8-8952-4af3-941e-caef3218f448}</UniqueIdentifier>
    </Filter>
    <Filter Include="Source Files\Objects\ObjectPool\Fireball">
      <UniqueIdentifier>{d734f5d5-c1fb-4a68-ad9b-81d92a3f7034}</UniqueIdentifier>
    </Filter>
    <Filter Include="Source Files\Objects\ObjectPool\Effect">
      <UniqueIdentifier>{2b3a5d3f-1a05-41c3-9e68-4f3809c96491}</UniqueIdentifier>
    </Filter>
    <Filter Include="Header Files\Objects\ObjectPool\Boomerang">
      <UniqueIdentifier>{59d4f7e0-47cd-43da-9661-5b88e9e68115}</UniqueIdentifier>
    </Filter>
    <Filter Include="Source Files\Objects\ObjectPool\Boomerang">
      <UniqueIdentifier>{16e8c777-3fa9-4189-968b-e11d84c84a36}</UniqueIdentifier>
    </Filter>
    <Filter Include="Header Files\Objects\ObjectPool\MiniGoombas">
      <UniqueIdentifier>{ffd9550f-25ea-486b-b07d-c3fd382693c4}</UniqueIdentifier>
    </Filter>
    <Filter Include="Source Files\Objects\ObjectPool\MiniGoombas">
      <UniqueIdentifier>{57fd60f9-d3f6-4241-804b-d081b21a59f8}</UniqueIdentifier>
    </Filter>
    <Filter Include="Header Files\Game">
      <UniqueIdentifier>{8f26a869-2bf0-4e42-a982-404d2554ce64}</UniqueIdentifier>
    </Filter>
    <Filter Include="Header Files\Texture">
      <UniqueIdentifier>{f085d7b7-ef8d-4250-9759-03b6e0352543}</UniqueIdentifier>
    </Filter>
    <Filter Include="Header Files\XML">
      <UniqueIdentifier>{cdf96da7-df07-4873-ba1c-1322cde0e267}</UniqueIdentifier>
    </Filter>
    <Filter Include="Source Files\Game">
      <UniqueIdentifier>{3e80081f-1ed2-4c03-8181-38105b155386}</UniqueIdentifier>
    </Filter>
    <Filter Include="Source Files\XML">
      <UniqueIdentifier>{945dc1ec-72ab-4cfd-bd1f-fa3f9d6f97a5}</UniqueIdentifier>
    </Filter>
    <Filter Include="Source Files\Texture">
      <UniqueIdentifier>{ae7b76e2-5383-4689-a4ed-3d5a285be26a}</UniqueIdentifier>
    </Filter>
    <Filter Include="Header Files\Game\Grid">
      <UniqueIdentifier>{4192f594-8fbf-4de2-8409-205db5f72fe9}</UniqueIdentifier>
    </Filter>
    <Filter Include="Source Files\Game\Grid">
      <UniqueIdentifier>{a6479e8e-66af-4ff7-8b47-1a92b8856fb1}</UniqueIdentifier>
    </Filter>
  </ItemGroup>
  <ItemGroup>
    <ClCompile Include="MarioState.cpp">
      <Filter>Source Files\Mario</Filter>
    </ClCompile>
    <ClCompile Include="GoomBa.cpp">
      <Filter>Source Files\Objects\Enemies</Filter>
    </ClCompile>
    <ClCompile Include="Koopas.cpp">
      <Filter>Source Files\Objects\Enemies</Filter>
    </ClCompile>
    <ClCompile Include="RedVenusFireTrap.cpp">
      <Filter>Source Files\Objects\Enemies</Filter>
    </ClCompile>
    <ClCompile Include="FireBallPool.cpp">
      <Filter>Source Files\Objects\ObjectPool\Fireball</Filter>
    </ClCompile>
    <ClCompile Include="Fireball.cpp">
      <Filter>Source Files\Objects\ObjectPool\Fireball</Filter>
    </ClCompile>
    <ClCompile Include="Map.cpp">
      <Filter>Source Files\MapManager</Filter>
    </ClCompile>
    <ClCompile Include="MapLayer.cpp">
      <Filter>Source Files\MapManager</Filter>
    </ClCompile>
    <ClCompile Include="GameObject.cpp">
      <Filter>Source Files\Objects</Filter>
    </ClCompile>
    <ClCompile Include="Camera.cpp">
      <Filter>Source Files\Objects\Camera</Filter>
    </ClCompile>
    <ClCompile Include="MarioOnGroundStates.cpp">
      <Filter>Source Files\Mario\OnGroundStates</Filter>
    </ClCompile>
    <ClCompile Include="MarioHoldingShellStates.cpp">
      <Filter>Source Files\Mario\HoldingShellStates</Filter>
    </ClCompile>
    <ClCompile Include="MarioOnAirStates.cpp">
      <Filter>Source Files\Mario\OnAirStates</Filter>
    </ClCompile>
    <ClCompile Include="MarioStateDrop.cpp">
      <Filter>Source Files\Mario\OnAirStates</Filter>
    </ClCompile>
    <ClCompile Include="MarioStateFly.cpp">
      <Filter>Source Files\Mario\OnAirStates</Filter>
    </ClCompile>
    <ClCompile Include="MarioStateHoldShellAndDrop.cpp">
      <Filter>Source Files\Mario\HoldingShellStates</Filter>
    </ClCompile>
    <ClCompile Include="MarioStateHoldShellAndJump.cpp">
      <Filter>Source Files\Mario\HoldingShellStates</Filter>
    </ClCompile>
    <ClCompile Include="MarioStateHoldShellAndRun.cpp">
      <Filter>Source Files\Mario\HoldingShellStates</Filter>
    </ClCompile>
    <ClCompile Include="MarioStateHoldShellIdle.cpp">
      <Filter>Source Files\Mario\HoldingShellStates</Filter>
    </ClCompile>
    <ClCompile Include="MarioStateIdle.cpp">
      <Filter>Source Files\Mario\OnGroundStates</Filter>
    </ClCompile>
    <ClCompile Include="MarioStateJump.cpp">
      <Filter>Source Files\Mario\OnGroundStates</Filter>
    </ClCompile>
    <ClCompile Include="MarioStateKick.cpp">
      <Filter>Source Files\Mario\OnGroundStates</Filter>
    </ClCompile>
    <ClCompile Include="MarioStatePreFly.cpp">
      <Filter>Source Files\Mario\OnGroundStates</Filter>
    </ClCompile>
    <ClCompile Include="MarioStateRun.cpp">
      <Filter>Source Files\Mario\OnGroundStates</Filter>
    </ClCompile>
    <ClCompile Include="MarioStateSit.cpp">
      <Filter>Source Files\Mario\OnGroundStates</Filter>
    </ClCompile>
    <ClCompile Include="MarioStateSpin.cpp">
      <Filter>Source Files\Mario\OnGroundStates</Filter>
    </ClCompile>
    <ClCompile Include="MarioStateStop.cpp">
      <Filter>Source Files\Mario\OnGroundStates</Filter>
    </ClCompile>
    <ClCompile Include="MarioStateWalk.cpp">
      <Filter>Source Files\Mario\OnGroundStates</Filter>
    </ClCompile>
    <ClCompile Include="MarioStateThrowingFireball.cpp">
      <Filter>Source Files\Mario\OnGroundStates</Filter>
    </ClCompile>
    <ClCompile Include="MarioStateThrowingFireballJumping.cpp">
      <Filter>Source Files\Mario\OnAirStates</Filter>
    </ClCompile>
    <ClCompile Include="MapObjects.cpp">
      <Filter>Source Files\MapManager</Filter>
    </ClCompile>
    <ClCompile Include="Boundary.cpp">
      <Filter>Source Files\Objects\Platform</Filter>
    </ClCompile>
    <ClCompile Include="Ground.cpp">
      <Filter>Source Files\Objects\Platform</Filter>
    </ClCompile>
    <ClCompile Include="Box.cpp">
      <Filter>Source Files\Objects\Platform</Filter>
    </ClCompile>
    <ClCompile Include="ObjectBoundary.cpp">
      <Filter>Source Files\Objects\Platform</Filter>
    </ClCompile>
    <ClCompile Include="Piranha.cpp">
      <Filter>Source Files\Objects\Enemies</Filter>
    </ClCompile>
    <ClCompile Include="GreenVenusFireTrap.cpp">
      <Filter>Source Files\Objects\Enemies</Filter>
    </ClCompile>
    <ClCompile Include="ParaGoomba.cpp">
      <Filter>Source Files\Objects\Enemies</Filter>
    </ClCompile>
    <ClCompile Include="ParaKoopa.cpp">
      <Filter>Source Files\Objects\Enemies</Filter>
    </ClCompile>
    <ClCompile Include="Brick.cpp">
      <Filter>Source Files\Objects\Misc</Filter>
    </ClCompile>
    <ClCompile Include="Coin.cpp">
      <Filter>Source Files\Objects\Misc</Filter>
    </ClCompile>
    <ClCompile Include="PowerUp.cpp">
      <Filter>Source Files\Objects\Misc</Filter>
    </ClCompile>
    <ClCompile Include="One-upMushroom.cpp">
      <Filter>Source Files\Objects\Misc</Filter>
    </ClCompile>
    <ClCompile Include="Effect.cpp">
      <Filter>Source Files\Objects\ObjectPool\Effect</Filter>
    </ClCompile>
    <ClCompile Include="EffectPool.cpp">
      <Filter>Source Files\Objects\ObjectPool\Effect</Filter>
    </ClCompile>
    <ClCompile Include="BreakableBrick.cpp">
      <Filter>Source Files\Objects\Misc</Filter>
    </ClCompile>
    <ClCompile Include="Switch.cpp">
      <Filter>Source Files\Objects\Misc</Filter>
    </ClCompile>
    <ClCompile Include="MarioStateTransform.cpp">
      <Filter>Source Files\Mario\OnGroundStates</Filter>
    </ClCompile>
    <ClCompile Include="HUD.cpp">
      <Filter>Source Files\HUD</Filter>
    </ClCompile>
    <ClCompile Include="HUDContent.cpp">
      <Filter>Source Files\HUD</Filter>
    </ClCompile>
    <ClCompile Include="Text.cpp">
      <Filter>Source Files\HUD</Filter>
    </ClCompile>
    <ClCompile Include="MarioStateGetIntoPipe.cpp">
      <Filter>Source Files\Mario\OnGroundStates</Filter>
    </ClCompile>
    <ClCompile Include="Pipe.cpp">
      <Filter>Source Files\Objects\Platform</Filter>
    </ClCompile>
    <ClCompile Include="MarioTail.cpp">
      <Filter>Source Files\Mario</Filter>
    </ClCompile>
    <ClCompile Include="Card.cpp">
      <Filter>Source Files\Objects\Misc</Filter>
    </ClCompile>
    <ClCompile Include="Enemy.cpp">
      <Filter>Source Files\Objects\Enemies</Filter>
    </ClCompile>
    <ClCompile Include="Decoration.cpp">
      <Filter>Source Files\Objects\Misc\Decoration</Filter>
    </ClCompile>
    <ClCompile Include="Portal.cpp">
      <Filter>Source Files\Objects\Misc\Portal</Filter>
    </ClCompile>
    <ClCompile Include="MarioOverworldState.cpp">
      <Filter>Source Files\Mario\OnGroundStates</Filter>
    </ClCompile>
    <ClCompile Include="BoomerangBrother.cpp">
      <Filter>Source Files\Objects\Enemies</Filter>
    </ClCompile>
    <ClCompile Include="Boomerang.cpp">
      <Filter>Source Files\Objects\ObjectPool\Boomerang</Filter>
    </ClCompile>
    <ClCompile Include="BoomerangPool.cpp">
      <Filter>Source Files\Objects\ObjectPool\Boomerang</Filter>
    </ClCompile>
    <ClCompile Include="MagicNoteBlock.cpp">
      <Filter>Source Files\Objects\Misc</Filter>
    </ClCompile>
    <ClCompile Include="WoodBlock.cpp">
      <Filter>Source Files\Objects\Misc</Filter>
    </ClCompile>
    <ClCompile Include="BrownParaGoomBa.cpp">
      <Filter>Source Files\Objects\Enemies</Filter>
    </ClCompile>
    <ClCompile Include="MiniGoomba.cpp">
      <Filter>Source Files\Objects\ObjectPool\MiniGoombas</Filter>
    </ClCompile>
    <ClCompile Include="MiniGoombaPool.cpp">
      <Filter>Source Files\Objects\ObjectPool\MiniGoombas</Filter>
    </ClCompile>
    <ClCompile Include="Mario.cpp">
      <Filter>Source Files\Mario</Filter>
    </ClCompile>
    <ClCompile Include="Game.cpp">
      <Filter>Source Files\Game</Filter>
    </ClCompile>
    <ClCompile Include="PlayScene.cpp">
      <Filter>Source Files\Game</Filter>
    </ClCompile>
    <ClCompile Include="main.cpp">
      <Filter>Source Files\Game</Filter>
    </ClCompile>
    <ClCompile Include="Scene.cpp">
      <Filter>Source Files\Game</Filter>
    </ClCompile>
    <ClCompile Include="Utils.cpp">
      <Filter>Source Files\Game</Filter>
    </ClCompile>
    <ClCompile Include="tinyxmlparser.cpp">
      <Filter>Source Files\XML</Filter>
    </ClCompile>
    <ClCompile Include="tinyxmlerror.cpp">
      <Filter>Source Files\XML</Filter>
    </ClCompile>
    <ClCompile Include="tinyxml.cpp">
      <Filter>Source Files\XML</Filter>
    </ClCompile>
    <ClCompile Include="tinystr.cpp">
      <Filter>Source Files\XML</Filter>
    </ClCompile>
    <ClCompile Include="Animations.cpp">
      <Filter>Source Files\Texture</Filter>
    </ClCompile>
    <ClCompile Include="Sprites.cpp">
      <Filter>Source Files\Texture</Filter>
    </ClCompile>
    <ClCompile Include="Textures.cpp">
      <Filter>Source Files\Texture</Filter>
    </ClCompile>
    <ClCompile Include="Grid.cpp">
      <Filter>Source Files\Game\Grid</Filter>
    </ClCompile>
    <ClCompile Include="Cell.cpp">
      <Filter>Source Files\Game\Grid</Filter>
    </ClCompile>
    <ClCompile Include="HiddenScene.cpp">
      <Filter>Source Files\Objects\Misc</Filter>
    </ClCompile>
    <ClCompile Include="Notification.cpp">
      <Filter>Source Files\HUD</Filter>
    </ClCompile>
    <ClCompile Include="Reward.cpp">
      <Filter>Source Files\HUD</Filter>
    </ClCompile>
    <ClCompile Include="IntroScene.cpp">
      <Filter>Source Files\Game</Filter>
    </ClCompile>
    <ClCompile Include="Curtain.cpp">
      <Filter>Source Files\Objects\Misc\Decoration</Filter>
    </ClCompile>
    <ClCompile Include="Arrow.cpp">
      <Filter>Source Files\Objects\Misc\Decoration</Filter>
    </ClCompile>
    <ClCompile Include="MarioStateTransformLevelDown.cpp">
      <Filter>Source Files\Mario\OnGroundStates</Filter>
    </ClCompile>
  </ItemGroup>
  <ItemGroup>
    <ClInclude Include="MarioState.h">
      <Filter>Header Files\Mario</Filter>
    </ClInclude>
    <ClInclude Include="GoomBa.h">
      <Filter>Header Files\Objects\Enemies</Filter>
    </ClInclude>
    <ClInclude Include="Koopas.h">
      <Filter>Header Files\Objects\Enemies</Filter>
    </ClInclude>
    <ClInclude Include="RedVenusFireTrap.h">
      <Filter>Header Files\Objects\Enemies</Filter>
    </ClInclude>
    <ClInclude Include="FireBallPool.h">
      <Filter>Header Files\Objects\ObjectPool\Fireball</Filter>
    </ClInclude>
    <ClInclude Include="Fireball.h">
      <Filter>Header Files\Objects\ObjectPool\Fireball</Filter>
    </ClInclude>
    <ClInclude Include="Map.h">
      <Filter>Header Files\MapManager</Filter>
    </ClInclude>
    <ClInclude Include="MapLayer.h">
      <Filter>Header Files\MapManager</Filter>
    </ClInclude>
    <ClInclude Include="GameObject.h">
      <Filter>Header Files\Objects</Filter>
    </ClInclude>
    <ClInclude Include="Camera.h">
      <Filter>Header Files\Objects\Camera</Filter>
    </ClInclude>
    <ClInclude Include="MarioHoldingShellStates.h">
      <Filter>Header Files\Mario\HoldingShellStates</Filter>
    </ClInclude>
    <ClInclude Include="MarioOnAirStates.h">
      <Filter>Header Files\Mario\OnAirStates</Filter>
    </ClInclude>
    <ClInclude Include="MarioOnGroundStates.h">
      <Filter>Header Files\Mario\OnGroundStates</Filter>
    </ClInclude>
    <ClInclude Include="MarioStateDrop.h">
      <Filter>Header Files\Mario\OnAirStates</Filter>
    </ClInclude>
    <ClInclude Include="MarioStateFly.h">
      <Filter>Header Files\Mario\OnAirStates</Filter>
    </ClInclude>
    <ClInclude Include="MarioStateHoldShellAndDrop.h">
      <Filter>Header Files\Mario\HoldingShellStates</Filter>
    </ClInclude>
    <ClInclude Include="MarioStateHoldShellAndJump.h">
      <Filter>Header Files\Mario\HoldingShellStates</Filter>
    </ClInclude>
    <ClInclude Include="MarioStateHoldShellAndRun.h">
      <Filter>Header Files\Mario\HoldingShellStates</Filter>
    </ClInclude>
    <ClInclude Include="MarioStateHoldShellIdle.h">
      <Filter>Header Files\Mario\HoldingShellStates</Filter>
    </ClInclude>
    <ClInclude Include="MarioStateIdle.h">
      <Filter>Header Files\Mario\OnGroundStates</Filter>
    </ClInclude>
    <ClInclude Include="MarioStateJump.h">
      <Filter>Header Files\Mario\OnGroundStates</Filter>
    </ClInclude>
    <ClInclude Include="MarioStateKick.h">
      <Filter>Header Files\Mario\OnGroundStates</Filter>
    </ClInclude>
    <ClInclude Include="MarioStatePreFly.h">
      <Filter>Header Files\Mario\OnGroundStates</Filter>
    </ClInclude>
    <ClInclude Include="MarioStateRun.h">
      <Filter>Header Files\Mario\OnGroundStates</Filter>
    </ClInclude>
    <ClInclude Include="MarioStateSit.h">
      <Filter>Header Files\Mario\OnGroundStates</Filter>
    </ClInclude>
    <ClInclude Include="MarioStateSpin.h">
      <Filter>Header Files\Mario\OnGroundStates</Filter>
    </ClInclude>
    <ClInclude Include="MarioStateStop.h">
      <Filter>Header Files\Mario\OnGroundStates</Filter>
    </ClInclude>
    <ClInclude Include="MarioStateWalk.h">
      <Filter>Header Files\Mario\OnGroundStates</Filter>
    </ClInclude>
    <ClInclude Include="MarioStateThrowingFireball.h">
      <Filter>Header Files\Mario\OnGroundStates</Filter>
    </ClInclude>
    <ClInclude Include="MarioStateThrowingFireballJumping.h">
      <Filter>Header Files\Mario\OnAirStates</Filter>
    </ClInclude>
    <ClInclude Include="MapObjects.h">
      <Filter>Header Files\MapManager</Filter>
    </ClInclude>
    <ClInclude Include="Boundary.h">
      <Filter>Header Files\Objects\Platform</Filter>
    </ClInclude>
    <ClInclude Include="Box.h">
      <Filter>Header Files\Objects\Platform</Filter>
    </ClInclude>
    <ClInclude Include="Ground.h">
      <Filter>Header Files\Objects\Platform</Filter>
    </ClInclude>
    <ClInclude Include="ObjectBoundary.h">
      <Filter>Header Files\Objects\Platform</Filter>
    </ClInclude>
    <ClInclude Include="Piranha.h">
      <Filter>Header Files\Objects\Enemies</Filter>
    </ClInclude>
    <ClInclude Include="GreenVenusFireTrap.h">
      <Filter>Header Files\Objects\Enemies</Filter>
    </ClInclude>
    <ClInclude Include="ParaGoomba.h">
      <Filter>Header Files\Objects\Enemies</Filter>
    </ClInclude>
    <ClInclude Include="ParaKoopa.h">
      <Filter>Header Files\Objects\Enemies</Filter>
    </ClInclude>
    <ClInclude Include="Brick.h">
      <Filter>Header Files\Objects\Misc</Filter>
    </ClInclude>
    <ClInclude Include="Coin.h">
      <Filter>Header Files\Objects\Misc</Filter>
    </ClInclude>
    <ClInclude Include="PowerUp.h">
      <Filter>Header Files\Objects\Misc</Filter>
    </ClInclude>
    <ClInclude Include="One-upMushroom.h">
      <Filter>Header Files\Objects\Misc</Filter>
    </ClInclude>
    <ClInclude Include="Effect.h">
      <Filter>Header Files\Objects\ObjectPool\Effect</Filter>
    </ClInclude>
    <ClInclude Include="EffectPool.h">
      <Filter>Header Files\Objects\ObjectPool\Effect</Filter>
    </ClInclude>
    <ClInclude Include="BreakableBrick.h">
      <Filter>Header Files\Objects\Misc</Filter>
    </ClInclude>
    <ClInclude Include="Switch.h">
      <Filter>Header Files\Objects\Misc</Filter>
    </ClInclude>
    <ClInclude Include="MarioStateTransform.h">
      <Filter>Header Files\Mario\OnGroundStates</Filter>
    </ClInclude>
    <ClInclude Include="HUD.h">
      <Filter>Header Files\HUD</Filter>
    </ClInclude>
    <ClInclude Include="HUDContent.h">
      <Filter>Header Files\HUD</Filter>
    </ClInclude>
    <ClInclude Include="Text.h">
      <Filter>Header Files\HUD</Filter>
    </ClInclude>
    <ClInclude Include="MarioStateGetIntoPipe.h">
      <Filter>Header Files\Mario\OnGroundStates</Filter>
    </ClInclude>
    <ClInclude Include="Pipe.h">
      <Filter>Header Files\Objects\Platform</Filter>
    </ClInclude>
    <ClInclude Include="MarioTail.h">
      <Filter>Header Files\Mario</Filter>
    </ClInclude>
    <ClInclude Include="Card.h">
      <Filter>Header Files\Objects\Misc</Filter>
    </ClInclude>
    <ClInclude Include="Enemy.h">
      <Filter>Header Files\Objects\Enemies</Filter>
    </ClInclude>
    <ClInclude Include="Decoration.h">
      <Filter>Header Files\Objects\Misc\Decoration</Filter>
    </ClInclude>
    <ClInclude Include="Portal.h">
      <Filter>Header Files\Objects\Misc\Portal</Filter>
    </ClInclude>
    <ClInclude Include="MarioOverworldState.h">
      <Filter>Header Files\Mario\OnGroundStates</Filter>
    </ClInclude>
    <ClInclude Include="BoomerangBrother.h">
      <Filter>Header Files\Objects\Enemies</Filter>
    </ClInclude>
    <ClInclude Include="Boomerang.h">
      <Filter>Header Files\Objects\ObjectPool\Boomerang</Filter>
    </ClInclude>
    <ClInclude Include="BoomerangPool.h">
      <Filter>Header Files\Objects\ObjectPool\Boomerang</Filter>
    </ClInclude>
    <ClInclude Include="MagicNoteBlock.h">
      <Filter>Header Files\Objects\Misc</Filter>
    </ClInclude>
    <ClInclude Include="WoodBlock.h">
      <Filter>Header Files\Objects\Misc</Filter>
    </ClInclude>
    <ClInclude Include="BrownParaGoomBa.h">
      <Filter>Header Files\Objects\Enemies</Filter>
    </ClInclude>
    <ClInclude Include="MiniGoomba.h">
      <Filter>Header Files\Objects\ObjectPool\MiniGoombas</Filter>
    </ClInclude>
    <ClInclude Include="MiniGoombaPool.h">
      <Filter>Header Files\Objects\ObjectPool\MiniGoombas</Filter>
    </ClInclude>
    <ClInclude Include="Mario.h">
      <Filter>Header Files\Mario</Filter>
    </ClInclude>
    <ClInclude Include="Game.h">
      <Filter>Header Files\Game</Filter>
    </ClInclude>
    <ClInclude Include="Input.h">
      <Filter>Header Files\Game</Filter>
    </ClInclude>
    <ClInclude Include="KeyEventHandler.h">
      <Filter>Header Files\Game</Filter>
    </ClInclude>
    <ClInclude Include="PlayScene.h">
      <Filter>Header Files\Game</Filter>
    </ClInclude>
    <ClInclude Include="Scene.h">
      <Filter>Header Files\Game</Filter>
    </ClInclude>
    <ClInclude Include="Animations.h">
      <Filter>Header Files\Texture</Filter>
    </ClInclude>
    <ClInclude Include="Sprites.h">
      <Filter>Header Files\Texture</Filter>
    </ClInclude>
    <ClInclude Include="Textures.h">
      <Filter>Header Files\Texture</Filter>
    </ClInclude>
    <ClInclude Include="tinystr.h">
      <Filter>Header Files\XML</Filter>
    </ClInclude>
    <ClInclude Include="tinyxml.h">
      <Filter>Header Files\XML</Filter>
    </ClInclude>
    <ClInclude Include="Utils.h">
      <Filter>Header Files\Game</Filter>
    </ClInclude>
    <ClInclude Include="Grid.h">
      <Filter>Header Files\Game\Grid</Filter>
    </ClInclude>
    <ClInclude Include="Cell.h">
      <Filter>Header Files\Game\Grid</Filter>
    </ClInclude>
    <ClInclude Include="HiddenScene.h">
      <Filter>Header Files\Objects\Misc</Filter>
    </ClInclude>
    <ClInclude Include="Notification.h">
      <Filter>Header Files\HUD</Filter>
    </ClInclude>
    <ClInclude Include="Reward.h">
      <Filter>Header Files\HUD</Filter>
    </ClInclude>
    <ClInclude Include="IntroScene.h">
      <Filter>Header Files\Game</Filter>
    </ClInclude>
    <ClInclude Include="Curtain.h">
      <Filter>Header Files\Objects\Misc\Decoration</Filter>
    </ClInclude>
    <ClInclude Include="Arrow.h">
      <Filter>Header Files\Objects\Misc\Decoration</Filter>
    </ClInclude>
    <ClInclude Include="MarioStateTransformLevelDown.h">
      <Filter>Header Files\Mario\OnGroundStates</Filter>
    </ClInclude>
  </ItemGroup>
</Project>