<?xml version="1.0" encoding="utf-8"?>
<Project ToolsVersion="4.0" xmlns="http://schemas.microsoft.com/developer/msbuild/2003">
  <ItemGroup>
    <Filter Include="Source Files">
      <UniqueIdentifier>{4FC737F1-C7A5-4376-A066-2A32D752A2FF}</UniqueIdentifier>
      <Extensions>cpp;c;cc;cxx;c++;def;odl;idl;hpj;bat;asm;asmx</Extensions>
    </Filter>
    <Filter Include="Header Files">
      <UniqueIdentifier>{93995380-89BD-4b04-88EB-625FBE52EBFB}</UniqueIdentifier>
      <Extensions>h;hh;hpp;hxx;h++;hm;inl;inc;ipp;xsd</Extensions>
    </Filter>
    <Filter Include="Resource Files">
      <UniqueIdentifier>{67DA6AB6-F800-4c08-8B7A-83BB121AAD01}</UniqueIdentifier>
      <Extensions>rc;ico;cur;bmp;dlg;rc2;rct;bin;rgs;gif;jpg;jpeg;jpe;resx;tiff;tif;png;wav;mfcribbon-ms</Extensions>
    </Filter>
    <Filter Include="Source Files\Mario">
      <UniqueIdentifier>{d54e0c4e-1caa-4967-b316-51ae3efa5bd3}</UniqueIdentifier>
    </Filter>
    <Filter Include="Header Files\Mario">
      <UniqueIdentifier>{68cadb09-35ed-410d-b174-ebb85a9adeb4}</UniqueIdentifier>
    </Filter>
    <Filter Include="Header Files\Enemies">
      <UniqueIdentifier>{ff7444a7-f3ca-4955-9972-6ad2fcc159e9}</UniqueIdentifier>
    </Filter>
    <Filter Include="Source Files\Enemies">
      <UniqueIdentifier>{7f1700bc-3c16-4e31-b5de-d5c6202463db}</UniqueIdentifier>
    </Filter>
    <Filter Include="Source Files\TinyXml">
      <UniqueIdentifier>{349fb991-5feb-44a7-9bfa-8568fb790917}</UniqueIdentifier>
    </Filter>
    <Filter Include="Header Files\TinyXml">
      <UniqueIdentifier>{4ea9c4bc-32fa-4695-a3a4-4df523c41474}</UniqueIdentifier>
    </Filter>
    <Filter Include="Header Files\MapManager">
      <UniqueIdentifier>{b46c73d0-d9a8-4eb4-868e-8e0bd99f6b3c}</UniqueIdentifier>
    </Filter>
    <Filter Include="Source Files\MapManager">
      <UniqueIdentifier>{2fb472e3-38d8-4b87-833d-27ec9c9f7ebf}</UniqueIdentifier>
    </Filter>
    <Filter Include="Header Files\Objects">
      <UniqueIdentifier>{3be0e8e4-7a33-4394-b8da-282984014d23}</UniqueIdentifier>
    </Filter>
    <Filter Include="Source Files\Objects">
      <UniqueIdentifier>{75272ed2-bc7a-4d7e-a8bd-d72781eda082}</UniqueIdentifier>
    </Filter>
    <Filter Include="Source Files\Objects\Fireball">
      <UniqueIdentifier>{d734f5d5-c1fb-4a68-ad9b-81d92a3f7034}</UniqueIdentifier>
    </Filter>
    <Filter Include="Header Files\Objects\Fireball">
      <UniqueIdentifier>{2afd3014-226d-4c5c-816b-e62b69a248ad}</UniqueIdentifier>
    </Filter>
    <Filter Include="Header Files\Objects\Camera">
      <UniqueIdentifier>{1804e33f-872b-4156-90cf-0ebd243e68f6}</UniqueIdentifier>
    </Filter>
    <Filter Include="Source Files\Objects\Camera">
      <UniqueIdentifier>{53dcab57-105c-4135-9462-ecb1a285cb89}</UniqueIdentifier>
    </Filter>
  </ItemGroup>
  <ItemGroup>
    <ClCompile Include="Animations.cpp">
      <Filter>Source Files</Filter>
    </ClCompile>
    <ClCompile Include="Game.cpp">
      <Filter>Source Files</Filter>
    </ClCompile>
    <ClCompile Include="Mario.cpp">
      <Filter>Source Files</Filter>
    </ClCompile>
    <ClCompile Include="PlayScene.cpp">
      <Filter>Source Files</Filter>
    </ClCompile>
    <ClCompile Include="Scene.cpp">
      <Filter>Source Files</Filter>
    </ClCompile>
    <ClCompile Include="Textures.cpp">
      <Filter>Source Files</Filter>
    </ClCompile>
    <ClCompile Include="Sprites.cpp">
      <Filter>Source Files</Filter>
    </ClCompile>
    <ClCompile Include="Utils.cpp">
      <Filter>Source Files</Filter>
    </ClCompile>
    <ClCompile Include="main.cpp">
      <Filter>Source Files</Filter>
    </ClCompile>
    <ClCompile Include="MarioState.cpp">
      <Filter>Source Files\Mario</Filter>
    </ClCompile>
    <ClCompile Include="MarioStateIdle.cpp">
      <Filter>Source Files\Mario</Filter>
    </ClCompile>
    <ClCompile Include="MarioStateJump.cpp">
      <Filter>Source Files\Mario</Filter>
    </ClCompile>
    <ClCompile Include="MarioStateWalk.cpp">
      <Filter>Source Files\Mario</Filter>
    </ClCompile>
    <ClCompile Include="MarioOnGroundStates.cpp">
      <Filter>Source Files\Mario</Filter>
    </ClCompile>
    <ClCompile Include="MarioStateSit.cpp">
      <Filter>Source Files\Mario</Filter>
    </ClCompile>
    <ClCompile Include="MarioStateStop.cpp">
      <Filter>Source Files\Mario</Filter>
    </ClCompile>
    <ClCompile Include="MarioStateRun.cpp">
      <Filter>Source Files\Mario</Filter>
    </ClCompile>
    <ClCompile Include="MarioStatePreFly.cpp">
      <Filter>Source Files\Mario</Filter>
    </ClCompile>
    <ClCompile Include="MarioOnAirStates.cpp">
      <Filter>Source Files\Mario</Filter>
    </ClCompile>
    <ClCompile Include="MarioStateFly.cpp">
      <Filter>Source Files\Mario</Filter>
    </ClCompile>
    <ClCompile Include="MarioStateSpin.cpp">
      <Filter>Source Files\Mario</Filter>
    </ClCompile>
    <ClCompile Include="MarioStateDrop.cpp">
      <Filter>Source Files\Mario</Filter>
    </ClCompile>
    <ClCompile Include="GoomBa.cpp">
      <Filter>Source Files\Enemies</Filter>
    </ClCompile>
    <ClCompile Include="Koopas.cpp">
      <Filter>Source Files\Enemies</Filter>
    </ClCompile>
    <ClCompile Include="RedVenusFireTrap.cpp">
      <Filter>Source Files\Enemies</Filter>
    </ClCompile>
    <ClCompile Include="MarioStateHoldShellIdle.cpp">
      <Filter>Source Files\Mario</Filter>
    </ClCompile>
    <ClCompile Include="MarioHoldingShellStates.cpp">
      <Filter>Source Files\Mario</Filter>
    </ClCompile>
    <ClCompile Include="MarioStateHoldShellAndRun.cpp">
      <Filter>Source Files\Mario</Filter>
    </ClCompile>
    <ClCompile Include="MarioStateKick.cpp">
      <Filter>Source Files\Mario</Filter>
    </ClCompile>
    <ClCompile Include="MarioStateHoldShellAndJump.cpp">
      <Filter>Source Files\Mario</Filter>
    </ClCompile>
    <ClCompile Include="MarioStateHoldShellAndDrop.cpp">
      <Filter>Source Files\Mario</Filter>
    </ClCompile>
    <ClCompile Include="FireBallPool.cpp">
      <Filter>Source Files\Objects\Fireball</Filter>
    </ClCompile>
    <ClCompile Include="Fireball.cpp">
      <Filter>Source Files\Objects\Fireball</Filter>
    </ClCompile>
    <ClCompile Include="C:\Users\17520\OneDrive\Desktop\tinyxml_2_6_2\tinyxml\tinyxml.cpp">
      <Filter>Source Files\TinyXml</Filter>
    </ClCompile>
    <ClCompile Include="C:\Users\17520\OneDrive\Desktop\tinyxml_2_6_2\tinyxml\tinystr.cpp">
      <Filter>Source Files\TinyXml</Filter>
    </ClCompile>
    <ClCompile Include="C:\Users\17520\OneDrive\Desktop\tinyxml_2_6_2\tinyxml\tinyxmlparser.cpp">
      <Filter>Source Files\TinyXml</Filter>
    </ClCompile>
    <ClCompile Include="C:\Users\17520\OneDrive\Desktop\tinyxml_2_6_2\tinyxml\tinyxmlerror.cpp">
      <Filter>Source Files\TinyXml</Filter>
    </ClCompile>
    <ClCompile Include="Map.cpp">
      <Filter>Source Files\MapManager</Filter>
    </ClCompile>
    <ClCompile Include="MapLayer.cpp">
      <Filter>Source Files\MapManager</Filter>
    </ClCompile>
    <ClCompile Include="Brick.cpp">
      <Filter>Source Files\Objects</Filter>
    </ClCompile>
    <ClCompile Include="Coin.cpp">
      <Filter>Source Files\Objects</Filter>
    </ClCompile>
    <ClCompile Include="GameObject.cpp">
      <Filter>Source Files\Objects</Filter>
    </ClCompile>
    <ClCompile Include="Items.cpp">
      <Filter>Source Files\Objects</Filter>
    </ClCompile>
    <ClCompile Include="Portal.cpp">
      <Filter>Source Files\Objects</Filter>
    </ClCompile>
    <ClCompile Include="Ground.cpp">
      <Filter>Source Files\Objects</Filter>
    </ClCompile>
    <ClCompile Include="Boundary.cpp">
      <Filter>Source Files\Objects</Filter>
    </ClCompile>
    <ClCompile Include="Box.cpp">
      <Filter>Source Files\Objects</Filter>
    </ClCompile>
    <ClCompile Include="Camera.cpp">
      <Filter>Source Files\Objects\Camera</Filter>
    </ClCompile>
  </ItemGroup>
  <ItemGroup>
    <ClInclude Include="Animations.h">
      <Filter>Header Files</Filter>
    </ClInclude>
    <ClInclude Include="Game.h">
      <Filter>Header Files</Filter>
    </ClInclude>
    <ClInclude Include="KeyEventHandler.h">
      <Filter>Header Files</Filter>
    </ClInclude>
    <ClInclude Include="Mario.h">
      <Filter>Header Files</Filter>
    </ClInclude>
    <ClInclude Include="PlayScene.h">
      <Filter>Header Files</Filter>
    </ClInclude>
    <ClInclude Include="Scene.h">
      <Filter>Header Files</Filter>
    </ClInclude>
    <ClInclude Include="Textures.h">
      <Filter>Header Files</Filter>
    </ClInclude>
    <ClInclude Include="Sprites.h">
      <Filter>Header Files</Filter>
    </ClInclude>
    <ClInclude Include="Utils.h">
      <Filter>Header Files</Filter>
    </ClInclude>
    <ClInclude Include="MarioState.h">
      <Filter>Header Files\Mario</Filter>
    </ClInclude>
    <ClInclude Include="MarioStateIdle.h">
      <Filter>Header Files\Mario</Filter>
    </ClInclude>
    <ClInclude Include="MarioStateJump.h">
      <Filter>Header Files\Mario</Filter>
    </ClInclude>
    <ClInclude Include="MarioStateWalk.h">
      <Filter>Header Files\Mario</Filter>
    </ClInclude>
    <ClInclude Include="MarioOnGroundStates.h">
      <Filter>Header Files\Mario</Filter>
    </ClInclude>
    <ClInclude Include="MarioStateSit.h">
      <Filter>Header Files\Mario</Filter>
    </ClInclude>
    <ClInclude Include="MarioStateStop.h">
      <Filter>Header Files\Mario</Filter>
    </ClInclude>
    <ClInclude Include="Input.h">
      <Filter>Header Files</Filter>
    </ClInclude>
    <ClInclude Include="MarioStateRun.h">
      <Filter>Header Files\Mario</Filter>
    </ClInclude>
    <ClInclude Include="MarioStatePreFly.h">
      <Filter>Header Files\Mario</Filter>
    </ClInclude>
    <ClInclude Include="MarioOnAirStates.h">
      <Filter>Header Files\Mario</Filter>
    </ClInclude>
    <ClInclude Include="MarioStateFly.h">
      <Filter>Header Files\Mario</Filter>
    </ClInclude>
    <ClInclude Include="MarioStateSpin.h">
      <Filter>Header Files\Mario</Filter>
    </ClInclude>
    <ClInclude Include="MarioStateDrop.h">
      <Filter>Header Files\Mario</Filter>
    </ClInclude>
    <ClInclude Include="GoomBa.h">
      <Filter>Header Files\Enemies</Filter>
    </ClInclude>
    <ClInclude Include="Koopas.h">
      <Filter>Header Files\Enemies</Filter>
    </ClInclude>
    <ClInclude Include="RedVenusFireTrap.h">
      <Filter>Header Files\Enemies</Filter>
    </ClInclude>
    <ClInclude Include="MarioStateHoldShellIdle.h">
      <Filter>Header Files\Mario</Filter>
    </ClInclude>
    <ClInclude Include="MarioHoldingShellStates.h">
      <Filter>Header Files\Mario</Filter>
    </ClInclude>
    <ClInclude Include="MarioStateHoldShellAndRun.h">
      <Filter>Header Files\Mario</Filter>
    </ClInclude>
    <ClInclude Include="MarioStateKick.h">
      <Filter>Header Files\Mario</Filter>
    </ClInclude>
    <ClInclude Include="MarioStateHoldShellAndJump.h">
      <Filter>Header Files\Mario</Filter>
    </ClInclude>
    <ClInclude Include="MarioStateHoldShellAndDrop.h">
      <Filter>Header Files\Mario</Filter>
    </ClInclude>
    <ClInclude Include="FireBallPool.h">
      <Filter>Header Files\Objects\Fireball</Filter>
    </ClInclude>
    <ClInclude Include="Fireball.h">
      <Filter>Header Files\Objects\Fireball</Filter>
    </ClInclude>
    <ClInclude Include="C:\Users\17520\OneDrive\Desktop\tinyxml_2_6_2\tinyxml\tinystr.h">
      <Filter>Header Files\TinyXml</Filter>
    </ClInclude>
    <ClInclude Include="C:\Users\17520\OneDrive\Desktop\tinyxml_2_6_2\tinyxml\tinyxml.h">
      <Filter>Header Files\TinyXml</Filter>
    </ClInclude>
    <ClInclude Include="Map.h">
      <Filter>Header Files\MapManager</Filter>
    </ClInclude>
    <ClInclude Include="MapLayer.h">
      <Filter>Header Files\MapManager</Filter>
    </ClInclude>
    <ClInclude Include="Brick.h">
      <Filter>Header Files\Objects</Filter>
    </ClInclude>
    <ClInclude Include="Coin.h">
      <Filter>Header Files\Objects</Filter>
    </ClInclude>
    <ClInclude Include="Ground.h">
      <Filter>Header Files\Objects</Filter>
    </ClInclude>
    <ClInclude Include="GameObject.h">
      <Filter>Header Files\Objects</Filter>
    </ClInclude>
    <ClInclude Include="Items.h">
      <Filter>Header Files\Objects</Filter>
    </ClInclude>
    <ClInclude Include="Portal.h">
      <Filter>Header Files\Objects</Filter>
    </ClInclude>
    <ClInclude Include="Boundary.h">
      <Filter>Header Files\Objects</Filter>
    </ClInclude>
    <ClInclude Include="Box.h">
      <Filter>Header Files\Objects</Filter>
    </ClInclude>
    <ClInclude Include="Camera.h">
      <Filter>Header Files\Objects\Camera</Filter>
    </ClInclude>
  </ItemGroup>
</Project>